# THIS IS AN AUTOGENERATED FILE. DO NOT EDIT THIS FILE DIRECTLY.
# yarn lockfile v1


"3d-force-graph@^1.70.9":
  version "1.70.9"
  resolved "https://registry.yarnpkg.com/3d-force-graph/-/3d-force-graph-1.70.9.tgz#0781a7a9a5c22561345dedc373696cb222d584e1"
  integrity sha512-K6VJqqoRT/9W+t6VV+e3c43Iu2jS4VzLhhG/ODDkQLFSwdszMNYMyD7x1xoUB/wuFz7sWgXFMsa0L5O2LsKp+w==
  dependencies:
    accessor-fn "1"
    kapsule "^1.13"
    three ">=0.118 <1"
    three-forcegraph "^1.39"
    three-render-objects "^1.26"

"@babel/runtime@^7.16.7":
  version "7.17.2"
  resolved "https://registry.yarnpkg.com/@babel/runtime/-/runtime-7.17.2.tgz#66f68591605e59da47523c631416b18508779941"
  integrity sha512-hzeyJyMA1YGdJTuWU0e/j4wKXrU4OMFvY2MSlaI9B7VQb0r5cxTE3EAIS2Q7Tn2RIcDkRvTA/v2JsAEhxe99uw==
  dependencies:
    regenerator-runtime "^0.13.4"

"@tweenjs/tween.js@18":
  version "18.6.4"
  resolved "https://registry.yarnpkg.com/@tweenjs/tween.js/-/tween.js-18.6.4.tgz#40a3d0a93647124872dec8e0fd1bd5926695b6ca"
  integrity sha512-lB9lMjuqjtuJrx7/kOkqQBtllspPIN+96OvTCeJ2j5FEzinoAXTdAMFnDAQT1KVPRlnYfBrqxtqP66vDM40xxQ==

accessor-fn@1:
  version "1.3.2"
  resolved "https://registry.yarnpkg.com/accessor-fn/-/accessor-fn-1.3.2.tgz#66074d0127367e996197197822fae846ef0928e7"
  integrity sha512-W4/Lj/gry8AHy+IC7Havr7fNbphHDzVAiZd5h10g8LRRz6ZKla3A1/lkFqoV1jh13R0eJLGWjDBlRGK36fcWiw==

"d3-array@1 - 3", "d3-array@2 - 3", "d3-array@2.10.0 - 3":
  version "3.1.1"
  resolved "https://registry.yarnpkg.com/d3-array/-/d3-array-3.1.1.tgz#7797eb53ead6b9083c75a45a681e93fc41bc468c"
  integrity sha512-33qQ+ZoZlli19IFiQx4QEpf2CBEayMRzhlisJHSCsSUbDXv6ZishqS1x7uFVClKG4Wr7rZVHvaAttoLow6GqdQ==
  dependencies:
    internmap "1 - 2"

d3-binarytree@^0.2.0:
  version "0.2.2"
  resolved "https://registry.yarnpkg.com/d3-binarytree/-/d3-binarytree-0.2.2.tgz#2b3421a4ac41ddaf3ebd2584f96f8e68ecb7c444"
  integrity sha512-TmgSEKWO4lSjX26Rk77hbTdiF3TQ1v5LqL+cmSz6/5RiSxmq6+e6qHE6X/KwrsIESekhEReH63X5yM8dvXaT7A==

"d3-color@1 - 3":
  version "3.0.1"
  resolved "https://registry.yarnpkg.com/d3-color/-/d3-color-3.0.1.tgz#03316e595955d1fcd39d9f3610ad41bb90194d0a"
  integrity sha512-6/SlHkDOBLyQSJ1j1Ghs82OIUXpKWlR0hCsw0XrLSQhuUPuCSmLQ1QPH98vpnQxMUQM2/gfAkUEWsupVpd9JGw==

"d3-dispatch@1 - 3":
  version "3.0.1"
  resolved "https://registry.yarnpkg.com/d3-dispatch/-/d3-dispatch-3.0.1.tgz#5fc75284e9c2375c36c839411a0cf550cbfc4d5e"
  integrity sha512-rzUyPU/S7rwUflMyLc1ETDeBj0NRuHKKAcvukozwhshr6g6c5d8zh4c2gQjY2bZ0dXeGLWc1PF174P2tVvKhfg==

"d3-force-3d@2 - 3":
  version "3.0.3"
  resolved "https://registry.yarnpkg.com/d3-force-3d/-/d3-force-3d-3.0.3.tgz#ddd0b9120837ef3cd6ffdad668d99d1992483af2"
  integrity sha512-8HGTbw6y35UYManGCPU4+b9/PGgnyjzRq80DRsp7zFsRl0leVz2pzwx18dwkPe4rDxTOEpM4BuWQ2krbVaGQQA==
  dependencies:
    d3-binarytree "^0.2.0"
    d3-dispatch "1 - 3"
    d3-octree "^0.2.0"
    d3-quadtree "1 - 3"
    d3-timer "1 - 3"

"d3-format@1 - 3":
  version "3.1.0"
  resolved "https://registry.yarnpkg.com/d3-format/-/d3-format-3.1.0.tgz#9260e23a28ea5cb109e93b21a06e24e2ebd55641"
  integrity sha512-YyUI6AEuY/Wpt8KWLgZHsIU86atmikuoOmCfommt0LYHiQSPjvX2AcFc38PX0CBpr2RCyZhjex+NS/LPOv6YqA==

"d3-interpolate@1 - 3", "d3-interpolate@1.2.0 - 3":
  version "3.0.1"
  resolved "https://registry.yarnpkg.com/d3-interpolate/-/d3-interpolate-3.0.1.tgz#3c47aa5b32c5b3dfb56ef3fd4342078a632b400d"
  integrity sha512-3bYs1rOD33uo8aqJfKP3JWPAibgw8Zm2+L9vBKEHJ2Rg+viTR7o5Mmv5mZcieN+FRYaAOWX5SJATX6k1PWz72g==
  dependencies:
    d3-color "1 - 3"

d3-octree@^0.2.0:
  version "0.2.2"
  resolved "https://registry.yarnpkg.com/d3-octree/-/d3-octree-0.2.2.tgz#24c513d809252d14fd3b0bf7eb5af321c30bd69b"
  integrity sha512-ysk9uSPAhZVb0Gq4GXzghl/Yqxu80dHrq55I53qaIMdGB65+0UfO84sr4Fci2JHumcgh6H4WE0r8LwxPagkE+g==

"d3-quadtree@1 - 3":
  version "3.0.1"
  resolved "https://registry.yarnpkg.com/d3-quadtree/-/d3-quadtree-3.0.1.tgz#6dca3e8be2b393c9a9d514dabbd80a92deef1a4f"
  integrity sha512-04xDrxQTDTCFwP5H6hRhsRcb9xxv2RzkcsygFzmkSIOJy3PeRJP7sNk3VRIbKXcog561P9oU0/rVH6vDROAgUw==

"d3-scale-chromatic@1 - 3":
  version "3.0.0"
  resolved "https://registry.yarnpkg.com/d3-scale-chromatic/-/d3-scale-chromatic-3.0.0.tgz#15b4ceb8ca2bb0dcb6d1a641ee03d59c3b62376a"
  integrity sha512-Lx9thtxAKrO2Pq6OO2Ua474opeziKr279P/TKZsMAhYyNDD3EnCffdbgeSYN5O7m2ByQsxtuP2CSDczNUIZ22g==
  dependencies:
    d3-color "1 - 3"
    d3-interpolate "1 - 3"

"d3-scale@1 - 4":
  version "4.0.2"
  resolved "https://registry.yarnpkg.com/d3-scale/-/d3-scale-4.0.2.tgz#82b38e8e8ff7080764f8dcec77bd4be393689396"
  integrity sha512-GZW464g1SH7ag3Y7hXjf8RoUuAFIqklOAq3MRl4OaWabTFJY9PN/E1YklhXLh+OQ3fM9yS2nOkCoS+WLZ6kvxQ==
  dependencies:
    d3-array "2.10.0 - 3"
    d3-format "1 - 3"
    d3-interpolate "1.2.0 - 3"
    d3-time "2.1.1 - 3"
    d3-time-format "2 - 4"

"d3-time-format@2 - 4":
  version "4.1.0"
  resolved "https://registry.yarnpkg.com/d3-time-format/-/d3-time-format-4.1.0.tgz#7ab5257a5041d11ecb4fe70a5c7d16a195bb408a"
  integrity sha512-dJxPBlzC7NugB2PDLwo9Q8JiTR3M3e4/XANkreKSUxF8vvXKqm1Yfq4Q5dl8budlunRVlUUaDUgFt7eA8D6NLg==
  dependencies:
    d3-time "1 - 3"

"d3-time@1 - 3", "d3-time@2.1.1 - 3":
  version "3.0.0"
  resolved "https://registry.yarnpkg.com/d3-time/-/d3-time-3.0.0.tgz#65972cb98ae2d4954ef5c932e8704061335d4975"
  integrity sha512-zmV3lRnlaLI08y9IMRXSDshQb5Nj77smnfpnd2LrBa/2K281Jijactokeak14QacHs/kKq0AQ121nidNYlarbQ==
  dependencies:
    d3-array "2 - 3"

"d3-timer@1 - 3":
  version "3.0.1"
  resolved "https://registry.yarnpkg.com/d3-timer/-/d3-timer-3.0.1.tgz#6284d2a2708285b1abb7e201eda4380af35e63b0"
  integrity sha512-ndfJ/JxxMd3nw31uyKoY2naivF+r29V+Lc0svZxe1JvvIRmi8hUsrMvdOwgS1o6uBHmiz91geQ0ylPP0aj1VUA==

data-joint@^1.2:
  version "1.2.5"
  resolved "https://registry.yarnpkg.com/data-joint/-/data-joint-1.2.5.tgz#6a10b028fa3036d6733fe2549cf9c3d1683781f8"
  integrity sha512-OcGbcTctTq7AdiWAzJdktyzi5wVzv7q6291BsKLdxVdyrsx9pZLb9QIpxavWHMd+OS5DgJgfhgoM4jjF//DRqg==
  dependencies:
    index-array-by "^1.3.1"

debounce@^1.2.1:
  version "1.2.1"
  resolved "https://registry.yarnpkg.com/debounce/-/debounce-1.2.1.tgz#38881d8f4166a5c5848020c11827b834bcb3e0a5"
  integrity sha512-XRRe6Glud4rd/ZGQfiV1ruXSfbvfJedlV9Y6zOlP+2K04vBYiJEte6stfFkCP03aMnY5tsipamumUjL14fofug==

index-array-by@^1.3.1:
  version "1.3.2"
  resolved "https://registry.yarnpkg.com/index-array-by/-/index-array-by-1.3.2.tgz#d3f208af6f1e2776b00560e4ae572368405d4c28"
  integrity sha512-OIiTTJ4bfAcHTcMUZp3nmSpxAES+nARZNADnGBhg7OjywT8caxm3FR8fdnSnZIF1LvKDk5wN05oBF6qkVk2ZFg==

"internmap@1 - 2":
  version "2.0.3"
  resolved "https://registry.yarnpkg.com/internmap/-/internmap-2.0.3.tgz#6685f23755e43c524e251d29cbc97248e3061009"
  integrity sha512-5Hh7Y1wQbvY5ooGgPbDaL5iYLAPzMTUrjMulskHLH6wnv/A+1q5rgEaiuqEjB+oxGXIVZs1FF+R/KPN3ZSQYYg==

kapsule@^1.13:
  version "1.13.7"
  resolved "https://registry.yarnpkg.com/kapsule/-/kapsule-1.13.7.tgz#63d7e48ef7cf7232374dce53a3650a30d28610ee"
  integrity sha512-CKhyHyKyz5bYehAzz95U0ji5T9f4P0RXXPqQ2tGKjuTz3bJnHIUj8vCzGjnhFZ4XYtVT2wMvIq8D8Awb5rawcQ==
  dependencies:
    debounce "^1.2.1"

ngraph.events@^1.0.0, ngraph.events@^1.2.1:
  version "1.2.1"
  resolved "https://registry.yarnpkg.com/ngraph.events/-/ngraph.events-1.2.1.tgz#6e40425ef9dec1e074bbef6da56c8d79b9188fd8"
  integrity sha512-D4C+nXH/RFxioGXQdHu8ELDtC6EaCiNsZtih0IvyGN81OZSUby4jXoJ5+RNWasfsd0FnKxxpAROyUMzw64QNsw==

ngraph.forcelayout@^3.3:
  version "3.3.0"
  resolved "https://registry.yarnpkg.com/ngraph.forcelayout/-/ngraph.forcelayout-3.3.0.tgz#d268da24289b0704257121a2351b81292ef8e04e"
  integrity sha512-EWqG8oSEueByuisyFl/c77M0+ts8g+dpNseafXFO71f0PvvZgzQ1zac1yO9CJVK6e94kbkvztgjDX3oQZ/4lVA==
  dependencies:
    ngraph.events "^1.0.0"
    ngraph.merge "^1.0.0"
    ngraph.random "^1.0.0"

ngraph.graph@^20.0:
  version "20.0.0"
  resolved "https://registry.yarnpkg.com/ngraph.graph/-/ngraph.graph-20.0.0.tgz#96dcce92c74405085d6c27a86218f336769b4472"
  integrity sha512-tJqmik6U5geNDSbmTSwm4R6coTMDbkfFFHD8wdeSJtKU/cxIWFsKtXuwMva/wTk6tQQl1C2//lrzmwfPJXAXHw==
  dependencies:
    ngraph.events "^1.2.1"

ngraph.merge@^1.0.0:
  version "1.0.0"
  resolved "https://registry.yarnpkg.com/ngraph.merge/-/ngraph.merge-1.0.0.tgz#d763cdfa48b1bbd4270ea246f06c9c8ff5d3477c"
  integrity sha512-5J8YjGITUJeapsomtTALYsw7rFveYkM+lBj3QiYZ79EymQcuri65Nw3knQtFxQBU1r5iOaVRXrSwMENUPK62Vg==

ngraph.random@^1.0.0:
  version "1.1.0"
  resolved "https://registry.yarnpkg.com/ngraph.random/-/ngraph.random-1.1.0.tgz#5345c4bb63865c85d98ee6f13eab1395d8545a90"
  integrity sha512-h25UdUN/g8U7y29TzQtRm/GvGr70lK37yQPvPKXXuVfs7gCm82WipYFZcksQfeKumtOemAzBIcT7lzzyK/edLw==

polished@4:
  version "4.1.4"
  resolved "https://registry.yarnpkg.com/polished/-/polished-4.1.4.tgz#640293ba834109614961a700fdacbb6599fb12d0"
  integrity sha512-Nq5Mbza+Auo7N3sQb1QMFaQiDO+4UexWuSGR7Cjb4Sw11SZIJcrrFtiZ+L0jT9MBsUsxDboHVASbCLbE1rnECg==
  dependencies:
    "@babel/runtime" "^7.16.7"

regenerator-runtime@^0.13.4:
  version "0.13.9"
  resolved "https://registry.yarnpkg.com/regenerator-runtime/-/regenerator-runtime-0.13.9.tgz#8925742a98ffd90814988d7566ad30ca3b263b52"
  integrity sha512-p3VT+cOEgxFsRRA9X4lkI1E+k2/CtnKtU4gcxyaCUreilL/vqI6CdZ3wxVUx3UOUg+gnUOQQcRI7BmSI656MYA==

three-forcegraph@^1.39:
  version "1.39.4"
  resolved "https://registry.yarnpkg.com/three-forcegraph/-/three-forcegraph-1.39.4.tgz#d9b6615ba5b8211f447f077a8517bda7a53ed8f7"
  integrity sha512-kbycJcG98q/mwMJ5YIHIDz0nH2Fd8smpudc3QM2eoQPlf2cT7o1dzmrHWggUNnako4sWn7OybWypDSGf/S5/wg==
  dependencies:
    accessor-fn "1"
    d3-array "1 - 3"
    d3-force-3d "2 - 3"
    d3-scale "1 - 4"
    d3-scale-chromatic "1 - 3"
    data-joint "^1.2"
    kapsule "^1.13"
    ngraph.forcelayout "^3.3"
    ngraph.graph "^20.0"
    tinycolor2 "^1.4"

three-render-objects@^1.26:
  version "1.26.7"
  resolved "https://registry.yarnpkg.com/three-render-objects/-/three-render-objects-1.26.7.tgz#bad9a86dc73d7ae7ebc5ef1e8fbb5835d80f68b4"
  integrity sha512-wSSFJG635wYq8QjI6UDdN/2/jQ59HQLB3/ZTASdDjOeqKn/T5kr6469Ww2GuFu5iaZ36LLVN1ANqfpOhE8dJ2w==
  dependencies:
    "@tweenjs/tween.js" "18"
    accessor-fn "1"
    kapsule "^1.13"
    polished "4"

"three@>=0.118 <1", three@^0.137.5:
  version "0.137.5"
  resolved "https://registry.yarnpkg.com/three/-/three-0.137.5.tgz#a1e34bedd0412f2d8797112973dfadac78022ce6"
  integrity sha512-rTyr+HDFxjnN8+N/guZjDgfVxgHptZQpf6xfL/Mo7a5JYIFwK6tAq3bzxYYB4Ae0RosDZlDuP+X5aXDXz+XnHQ==

tinycolor2@^1.4:
  version "1.4.2"
  resolved "https://registry.yarnpkg.com/tinycolor2/-/tinycolor2-1.4.2.tgz#3f6a4d1071ad07676d7fa472e1fac40a719d8803"
  integrity sha512-vJhccZPs965sV/L2sU4oRQVAos0pQXwsvTLkWYdqJ+a8Q5kPFzJTuOFwy7UniPli44NKQGAglksjvOcpo95aZA==
